// !$*UTF8*$!
{
	archiveVersion = 1;
	classes = {
	};
	objectVersion = 56;
	objects = {

/* Begin PBXBuildFile section */
		64734CC82A860BE9001F5766 /* FirebaseFirestore in Frameworks */ = {isa = PBXBuildFile; productRef = 64734CC72A860BE9001F5766 /* FirebaseFirestore */; };
		64734CCA2A860BE9001F5766 /* FirebaseFirestoreSwift in Frameworks */ = {isa = PBXBuildFile; productRef = 64734CC92A860BE9001F5766 /* FirebaseFirestoreSwift */; };
		64734CCC2A860CC6001F5766 /* GoogleService-Info.plist in Resources */ = {isa = PBXBuildFile; fileRef = 64734CCB2A860CC6001F5766 /* GoogleService-Info.plist */; };
		64734CD02A8617AE001F5766 /* ViewModel.swift in Sources */ = {isa = PBXBuildFile; fileRef = 64734CCF2A8617AE001F5766 /* ViewModel.swift */; };
		649139082A86046C00A5FC0D /* __swiftConcepts_firebaseFirestore_todoApp.swift in Sources */ = {isa = PBXBuildFile; fileRef = 649139072A86046C00A5FC0D /* __swiftConcepts_firebaseFirestore_todoApp.swift */; };
		6491390A2A86046C00A5FC0D /* ContentView.swift in Sources */ = {isa = PBXBuildFile; fileRef = 649139092A86046C00A5FC0D /* ContentView.swift */; };
		6491390C2A86046E00A5FC0D /* Assets.xcassets in Resources */ = {isa = PBXBuildFile; fileRef = 6491390B2A86046E00A5FC0D /* Assets.xcassets */; };
		649139102A86046E00A5FC0D /* Preview Assets.xcassets in Resources */ = {isa = PBXBuildFile; fileRef = 6491390F2A86046E00A5FC0D /* Preview Assets.xcassets */; };
		64E7DA832A8666F000580490 /* Todo.swift in Sources */ = {isa = PBXBuildFile; fileRef = 64E7DA822A8666F000580490 /* Todo.swift */; };
/* End PBXBuildFile section */

/* Begin PBXFileReference section */
		64734CCB2A860CC6001F5766 /* GoogleService-Info.plist */ = {isa = PBXFileReference; fileEncoding = 4; lastKnownFileType = text.plist.xml; path = "GoogleService-Info.plist"; sourceTree = "<group>"; };
		64734CCF2A8617AE001F5766 /* ViewModel.swift */ = {isa = PBXFileReference; lastKnownFileType = sourcecode.swift; path = ViewModel.swift; sourceTree = "<group>"; };
		649139042A86046C00A5FC0D /* 3-swiftConcepts-firebaseFirestore-todo.app */ = {isa = PBXFileReference; explicitFileType = wrapper.application; includeInIndex = 0; path = "3-swiftConcepts-firebaseFirestore-todo.app"; sourceTree = BUILT_PRODUCTS_DIR; };
		649139072A86046C00A5FC0D /* __swiftConcepts_firebaseFirestore_todoApp.swift */ = {isa = PBXFileReference; lastKnownFileType = sourcecode.swift; path = __swiftConcepts_firebaseFirestore_todoApp.swift; sourceTree = "<group>"; };
		649139092A86046C00A5FC0D /* ContentView.swift */ = {isa = PBXFileReference; lastKnownFileType = sourcecode.swift; path = ContentView.swift; sourceTree = "<group>"; };
		6491390B2A86046E00A5FC0D /* Assets.xcassets */ = {isa = PBXFileReference; lastKnownFileType = folder.assetcatalog; path = Assets.xcassets; sourceTree = "<group>"; };
		6491390D2A86046E00A5FC0D /* __swiftConcepts_firebaseFirestore_todo.entitlements */ = {isa = PBXFileReference; lastKnownFileType = text.plist.entitlements; path = __swiftConcepts_firebaseFirestore_todo.entitlements; sourceTree = "<group>"; };
		6491390F2A86046E00A5FC0D /* Preview Assets.xcassets */ = {isa = PBXFileReference; lastKnownFileType = folder.assetcatalog; path = "Preview Assets.xcassets"; sourceTree = "<group>"; };
		64E7DA822A8666F000580490 /* Todo.swift */ = {isa = PBXFileReference; lastKnownFileType = sourcecode.swift; path = Todo.swift; sourceTree = "<group>"; };
/* End PBXFileReference section */

/* Begin PBXFrameworksBuildPhase section */
		649139012A86046C00A5FC0D /* Frameworks */ = {
			isa = PBXFrameworksBuildPhase;
			buildActionMask = 2147483647;
			files = (
				64734CC82A860BE9001F5766 /* FirebaseFirestore in Frameworks */,
				64734CCA2A860BE9001F5766 /* FirebaseFirestoreSwift in Frameworks */,
			);
			runOnlyForDeploymentPostprocessing = 0;
		};
/* End PBXFrameworksBuildPhase section */

/* Begin PBXGroup section */
		64734CCD2A86175E001F5766 /* Views */ = {
			isa = PBXGroup;
			children = (
				649139092A86046C00A5FC0D /* ContentView.swift */,
			);
			path = Views;
			sourceTree = "<group>";
		};
		64734CCE2A86177E001F5766 /* ViewModels */ = {
			isa = PBXGroup;
			children = (
				64734CCF2A8617AE001F5766 /* ViewModel.swift */,
			);
			path = ViewModels;
			sourceTree = "<group>";
		};
		649138FB2A86046C00A5FC0D = {
			isa = PBXGroup;
			children = (
				649139062A86046C00A5FC0D /* 3-swiftConcepts-firebaseFirestore-todo */,
				649139052A86046C00A5FC0D /* Products */,
			);
			sourceTree = "<group>";
		};
		649139052A86046C00A5FC0D /* Products */ = {
			isa = PBXGroup;
			children = (
				649139042A86046C00A5FC0D /* 3-swiftConcepts-firebaseFirestore-todo.app */,
			);
			name = Products;
			sourceTree = "<group>";
		};
		649139062A86046C00A5FC0D /* 3-swiftConcepts-firebaseFirestore-todo */ = {
			isa = PBXGroup;
			children = (
				649139072A86046C00A5FC0D /* __swiftConcepts_firebaseFirestore_todoApp.swift */,
				64734CCD2A86175E001F5766 /* Views */,
				64734CCE2A86177E001F5766 /* ViewModels */,
				64E7DA812A8658C900580490 /* Models */,
				6491390B2A86046E00A5FC0D /* Assets.xcassets */,
				6491390D2A86046E00A5FC0D /* __swiftConcepts_firebaseFirestore_todo.entitlements */,
				64734CCB2A860CC6001F5766 /* GoogleService-Info.plist */,
				6491390E2A86046E00A5FC0D /* Preview Content */,
			);
			path = "3-swiftConcepts-firebaseFirestore-todo";
			sourceTree = "<group>";
		};
		6491390E2A86046E00A5FC0D /* Preview Content */ = {
			isa = PBXGroup;
			children = (
				6491390F2A86046E00A5FC0D /* Preview Assets.xcassets */,
			);
			path = "Preview Content";
			sourceTree = "<group>";
		};
		64E7DA812A8658C900580490 /* Models */ = {
			isa = PBXGroup;
			children = (
				64E7DA822A8666F000580490 /* Todo.swift */,
			);
			path = Models;
			sourceTree = "<group>";
		};
/* End PBXGroup section */

/* Begin PBXNativeTarget section */
		649139032A86046C00A5FC0D /* 3-swiftConcepts-firebaseFirestore-todo */ = {
			isa = PBXNativeTarget;
			buildConfigurationList = 649139132A86046E00A5FC0D /* Build configuration list for PBXNativeTarget "3-swiftConcepts-firebaseFirestore-todo" */;
			buildPhases = (
				649139002A86046C00A5FC0D /* Sources */,
				649139012A86046C00A5FC0D /* Frameworks */,
				649139022A86046C00A5FC0D /* Resources */,
			);
			buildRules = (
			);
			dependencies = (
			);
			name = "3-swiftConcepts-firebaseFirestore-todo";
			packageProductDependencies = (
				64734CC72A860BE9001F5766 /* FirebaseFirestore */,
				64734CC92A860BE9001F5766 /* FirebaseFirestoreSwift */,
			);
			productName = "3-swiftConcepts-firebaseFirestore-todo";
			productReference = 649139042A86046C00A5FC0D /* 3-swiftConcepts-firebaseFirestore-todo.app */;
			productType = "com.apple.product-type.application";
		};
/* End PBXNativeTarget section */

/* Begin PBXProject section */
		649138FC2A86046C00A5FC0D /* Project object */ = {
			isa = PBXProject;
			attributes = {
				BuildIndependentTargetsInParallel = 1;
				LastSwiftUpdateCheck = 1420;
				LastUpgradeCheck = 1420;
				TargetAttributes = {
					649139032A86046C00A5FC0D = {
						CreatedOnToolsVersion = 14.2;
					};
				};
			};
			buildConfigurationList = 649138FF2A86046C00A5FC0D /* Build configuration list for PBXProject "3-swiftConcepts-firebaseFirestore-todo" */;
			compatibilityVersion = "Xcode 14.0";
			developmentRegion = en;
			hasScannedForEncodings = 0;
			knownRegions = (
				en,
				Base,
			);
			mainGroup = 649138FB2A86046C00A5FC0D;
			packageReferences = (
				64734CC62A860BE9001F5766 /* XCRemoteSwiftPackageReference "firebase-ios-sdk" */,
			);
			productRefGroup = 649139052A86046C00A5FC0D /* Products */;
			projectDirPath = "";
			projectRoot = "";
			targets = (
				649139032A86046C00A5FC0D /* 3-swiftConcepts-firebaseFirestore-todo */,
			);
		};
/* End PBXProject section */

/* Begin PBXResourcesBuildPhase section */
		649139022A86046C00A5FC0D /* Resources */ = {
			isa = PBXResourcesBuildPhase;
			buildActionMask = 2147483647;
			files = (
				649139102A86046E00A5FC0D /* Preview Assets.xcassets in Resources */,
				6491390C2A86046E00A5FC0D /* Assets.xcassets in Resources */,
				64734CCC2A860CC6001F5766 /* GoogleService-Info.plist in Resources */,
			);
			runOnlyForDeploymentPostprocessing = 0;
		};
/* End PBXResourcesBuildPhase section */

/* Begin PBXSourcesBuildPhase section */
		649139002A86046C00A5FC0D /* Sources */ = {
			isa = PBXSourcesBuildPhase;
			buildActionMask = 2147483647;
			files = (
				6491390A2A86046C00A5FC0D /* ContentView.swift in Sources */,
				64734CD02A8617AE001F5766 /* ViewModel.swift in Sources */,
				649139082A86046C00A5FC0D /* __swiftConcepts_firebaseFirestore_todoApp.swift in Sources */,
				64E7DA832A8666F000580490 /* Todo.swift in Sources */,
			);
			runOnlyForDeploymentPostprocessing = 0;
		};
/* End PBXSourcesBuildPhase section */

/* Begin XCBuildConfiguration section */
		649139112A86046E00A5FC0D /* Debug */ = {
			isa = XCBuildConfiguration;
			buildSettings = {
				ALWAYS_SEARCH_USER_PATHS = NO;
				CLANG_ANALYZER_NONNULL = YES;
				CLANG_ANALYZER_NUMBER_OBJECT_CONVERSION = YES_AGGRESSIVE;
				CLANG_CXX_LANGUAGE_STANDARD = "gnu++20";
				CLANG_ENABLE_MODULES = YES;
				CLANG_ENABLE_OBJC_ARC = YES;
				CLANG_ENABLE_OBJC_WEAK = YES;
				CLANG_WARN_BLOCK_CAPTURE_AUTORELEASING = YES;
				CLANG_WARN_BOOL_CONVERSION = YES;
				CLANG_WARN_COMMA = YES;
				CLANG_WARN_CONSTANT_CONVERSION = YES;
				CLANG_WARN_DEPRECATED_OBJC_IMPLEMENTATIONS = YES;
				CLANG_WARN_DIRECT_OBJC_ISA_USAGE = YES_ERROR;
				CLANG_WARN_DOCUMENTATION_COMMENTS = YES;
				CLANG_WARN_EMPTY_BODY = YES;
				CLANG_WARN_ENUM_CONVERSION = YES;
				CLANG_WARN_INFINITE_RECURSION = YES;
				CLANG_WARN_INT_CONVERSION = YES;
				CLANG_WARN_NON_LITERAL_NULL_CONVERSION = YES;
				CLANG_WARN_OBJC_IMPLICIT_RETAIN_SELF = YES;
				CLANG_WARN_OBJC_LITERAL_CONVERSION = YES;
				CLANG_WARN_OBJC_ROOT_CLASS = YES_ERROR;
				CLANG_WARN_QUOTED_INCLUDE_IN_FRAMEWORK_HEADER = YES;
				CLANG_WARN_RANGE_LOOP_ANALYSIS = YES;
				CLANG_WARN_STRICT_PROTOTYPES = YES;
				CLANG_WARN_SUSPICIOUS_MOVE = YES;
				CLANG_WARN_UNGUARDED_AVAILABILITY = YES_AGGRESSIVE;
				CLANG_WARN_UNREACHABLE_CODE = YES;
				CLANG_WARN__DUPLICATE_METHOD_MATCH = YES;
				COPY_PHASE_STRIP = NO;
				DEBUG_INFORMATION_FORMAT = dwarf;
				ENABLE_STRICT_OBJC_MSGSEND = YES;
				ENABLE_TESTABILITY = YES;
				GCC_C_LANGUAGE_STANDARD = gnu11;
				GCC_DYNAMIC_NO_PIC = NO;
				GCC_NO_COMMON_BLOCKS = YES;
				GCC_OPTIMIZATION_LEVEL = 0;
				GCC_PREPROCESSOR_DEFINITIONS = (
					"DEBUG=1",
					"$(inherited)",
				);
				GCC_WARN_64_TO_32_BIT_CONVERSION = YES;
				GCC_WARN_ABOUT_RETURN_TYPE = YES_ERROR;
				GCC_WARN_UNDECLARED_SELECTOR = YES;
				GCC_WARN_UNINITIALIZED_AUTOS = YES_AGGRESSIVE;
				GCC_WARN_UNUSED_FUNCTION = YES;
				GCC_WARN_UNUSED_VARIABLE = YES;
				MTL_ENABLE_DEBUG_INFO = INCLUDE_SOURCE;
				MTL_FAST_MATH = YES;
				ONLY_ACTIVE_ARCH = YES;
				SWIFT_ACTIVE_COMPILATION_CONDITIONS = DEBUG;
				SWIFT_OPTIMIZATION_LEVEL = "-Onone";
			};
			name = Debug;
		};
		649139122A86046E00A5FC0D /* Release */ = {
			isa = XCBuildConfiguration;
			buildSettings = {
				ALWAYS_SEARCH_USER_PATHS = NO;
				CLANG_ANALYZER_NONNULL = YES;
				CLANG_ANALYZER_NUMBER_OBJECT_CONVERSION = YES_AGGRESSIVE;
				CLANG_CXX_LANGUAGE_STANDARD = "gnu++20";
				CLANG_ENABLE_MODULES = YES;
				CLANG_ENABLE_OBJC_ARC = YES;
				CLANG_ENABLE_OBJC_WEAK = YES;
				CLANG_WARN_BLOCK_CAPTURE_AUTORELEASING = YES;
				CLANG_WARN_BOOL_CONVERSION = YES;
				CLANG_WARN_COMMA = YES;
				CLANG_WARN_CONSTANT_CONVERSION = YES;
				CLANG_WARN_DEPRECATED_OBJC_IMPLEMENTATIONS = YES;
				CLANG_WARN_DIRECT_OBJC_ISA_USAGE = YES_ERROR;
				CLANG_WARN_DOCUMENTATION_COMMENTS = YES;
				CLANG_WARN_EMPTY_BODY = YES;
				CLANG_WARN_ENUM_CONVERSION = YES;
				CLANG_WARN_INFINITE_RECURSION = YES;
				CLANG_WARN_INT_CONVERSION = YES;
				CLANG_WARN_NON_LITERAL_NULL_CONVERSION = YES;
				CLANG_WARN_OBJC_IMPLICIT_RETAIN_SELF = YES;
				CLANG_WARN_OBJC_LITERAL_CONVERSION = YES;
				CLANG_WARN_OBJC_ROOT_CLASS = YES_ERROR;
				CLANG_WARN_QUOTED_INCLUDE_IN_FRAMEWORK_HEADER = YES;
				CLANG_WARN_RANGE_LOOP_ANALYSIS = YES;
				CLANG_WARN_STRICT_PROTOTYPES = YES;
				CLANG_WARN_SUSPICIOUS_MOVE = YES;
				CLANG_WARN_UNGUARDED_AVAILABILITY = YES_AGGRESSIVE;
				CLANG_WARN_UNREACHABLE_CODE = YES;
				CLANG_WARN__DUPLICATE_METHOD_MATCH = YES;
				COPY_PHASE_STRIP = NO;
				DEBUG_INFORMATION_FORMAT = "dwarf-with-dsym";
				ENABLE_NS_ASSERTIONS = NO;
				ENABLE_STRICT_OBJC_MSGSEND = YES;
				GCC_C_LANGUAGE_STANDARD = gnu11;
				GCC_NO_COMMON_BLOCKS = YES;
				GCC_WARN_64_TO_32_BIT_CONVERSION = YES;
				GCC_WARN_ABOUT_RETURN_TYPE = YES_ERROR;
				GCC_WARN_UNDECLARED_SELECTOR = YES;
				GCC_WARN_UNINITIALIZED_AUTOS = YES_AGGRESSIVE;
				GCC_WARN_UNUSED_FUNCTION = YES;
				GCC_WARN_UNUSED_VARIABLE = YES;
				MTL_ENABLE_DEBUG_INFO = NO;
				MTL_FAST_MATH = YES;
				SWIFT_COMPILATION_MODE = wholemodule;
				SWIFT_OPTIMIZATION_LEVEL = "-O";
			};
			name = Release;
		};
		649139142A86046E00A5FC0D /* Debug */ = {
			isa = XCBuildConfiguration;
			buildSettings = {
				ASSETCATALOG_COMPILER_APPICON_NAME = AppIcon;
				ASSETCATALOG_COMPILER_GLOBAL_ACCENT_COLOR_NAME = AccentColor;
				CODE_SIGN_ENTITLEMENTS = "3-swiftConcepts-firebaseFirestore-todo/__swiftConcepts_firebaseFirestore_todo.entitlements";
				CODE_SIGN_STYLE = Automatic;
				CURRENT_PROJECT_VERSION = 1;
				DEVELOPMENT_ASSET_PATHS = "\"3-swiftConcepts-firebaseFirestore-todo/Preview Content\"";
				ENABLE_PREVIEWS = YES;
				GENERATE_INFOPLIST_FILE = YES;
				"INFOPLIST_KEY_UIApplicationSceneManifest_Generation[sdk=iphoneos*]" = YES;
				"INFOPLIST_KEY_UIApplicationSceneManifest_Generation[sdk=iphonesimulator*]" = YES;
				"INFOPLIST_KEY_UIApplicationSupportsIndirectInputEvents[sdk=iphoneos*]" = YES;
				"INFOPLIST_KEY_UIApplicationSupportsIndirectInputEvents[sdk=iphonesimulator*]" = YES;
				"INFOPLIST_KEY_UILaunchScreen_Generation[sdk=iphoneos*]" = YES;
				"INFOPLIST_KEY_UILaunchScreen_Generation[sdk=iphonesimulator*]" = YES;
				"INFOPLIST_KEY_UIStatusBarStyle[sdk=iphoneos*]" = UIStatusBarStyleDefault;
				"INFOPLIST_KEY_UIStatusBarStyle[sdk=iphonesimulator*]" = UIStatusBarStyleDefault;
				INFOPLIST_KEY_UISupportedInterfaceOrientations_iPad = "UIInterfaceOrientationPortrait UIInterfaceOrientationPortraitUpsideDown UIInterfaceOrientationLandscapeLeft UIInterfaceOrientationLandscapeRight";
				INFOPLIST_KEY_UISupportedInterfaceOrientations_iPhone = "UIInterfaceOrientationPortrait UIInterfaceOrientationLandscapeLeft UIInterfaceOrientationLandscapeRight";
				IPHONEOS_DEPLOYMENT_TARGET = 16.2;
				LD_RUNPATH_SEARCH_PATHS = "@executable_path/Frameworks";
				"LD_RUNPATH_SEARCH_PATHS[sdk=macosx*]" = "@executable_path/../Frameworks";
				MACOSX_DEPLOYMENT_TARGET = 12.6;
				MARKETING_VERSION = 1.0;
				PRODUCT_BUNDLE_IDENTIFIER = "ai.cherrypick.--swiftConcepts-firebaseFirestore-todo";
				PRODUCT_NAME = "$(TARGET_NAME)";
				SDKROOT = auto;
				SUPPORTED_PLATFORMS = "iphoneos iphonesimulator macosx";
				SWIFT_EMIT_LOC_STRINGS = YES;
				SWIFT_VERSION = 5.0;
				TARGETED_DEVICE_FAMILY = "1,2";
			};
			name = Debug;
		};
		649139152A86046E00A5FC0D /* Release */ = {
			isa = XCBuildConfiguration;
			buildSettings = {
				ASSETCATALOG_COMPILER_APPICON_NAME = AppIcon;
				ASSETCATALOG_COMPILER_GLOBAL_ACCENT_COLOR_NAME = AccentColor;
				CODE_SIGN_ENTITLEMENTS = "3-swiftConcepts-firebaseFirestore-todo/__swiftConcepts_firebaseFirestore_todo.entitlements";
				CODE_SIGN_STYLE = Automatic;
				CURRENT_PROJECT_VERSION = 1;
				DEVELOPMENT_ASSET_PATHS = "\"3-swiftConcepts-firebaseFirestore-todo/Preview Content\"";
				ENABLE_PREVIEWS = YES;
				GENERATE_INFOPLIST_FILE = YES;
				"INFOPLIST_KEY_UIApplicationSceneManifest_Generation[sdk=iphoneos*]" = YES;
				"INFOPLIST_KEY_UIApplicationSceneManifest_Generation[sdk=iphonesimulator*]" = YES;
				"INFOPLIST_KEY_UIApplicationSupportsIndirectInputEvents[sdk=iphoneos*]" = YES;
				"INFOPLIST_KEY_UIApplicationSupportsIndirectInputEvents[sdk=iphonesimulator*]" = YES;
				"INFOPLIST_KEY_UILaunchScreen_Generation[sdk=iphoneos*]" = YES;
				"INFOPLIST_KEY_UILaunchScreen_Generation[sdk=iphonesimulator*]" = YES;
				"INFOPLIST_KEY_UIStatusBarStyle[sdk=iphoneos*]" = UIStatusBarStyleDefault;
				"INFOPLIST_KEY_UIStatusBarStyle[sdk=iphonesimulator*]" = UIStatusBarStyleDefault;
				INFOPLIST_KEY_UISupportedInterfaceOrientations_iPad = "UIInterfaceOrientationPortrait UIInterfaceOrientationPortraitUpsideDown UIInterfaceOrientationLandscapeLeft UIInterfaceOrientationLandscapeRight";
				INFOPLIST_KEY_UISupportedInterfaceOrientations_iPhone = "UIInterfaceOrientationPortrait UIInterfaceOrientationLandscapeLeft UIInterfaceOrientationLandscapeRight";
				IPHONEOS_DEPLOYMENT_TARGET = 16.2;
				LD_RUNPATH_SEARCH_PATHS = "@executable_path/Frameworks";
				"LD_RUNPATH_SEARCH_PATHS[sdk=macosx*]" = "@executable_path/../Frameworks";
				MACOSX_DEPLOYMENT_TARGET = 12.6;
				MARKETING_VERSION = 1.0;
				PRODUCT_BUNDLE_IDENTIFIER = "ai.cherrypick.--swiftConcepts-firebaseFirestore-todo";
				PRODUCT_NAME = "$(TARGET_NAME)";
				SDKROOT = auto;
				SUPPORTED_PLATFORMS = "iphoneos iphonesimulator macosx";
				SWIFT_EMIT_LOC_STRINGS = YES;
				SWIFT_VERSION = 5.0;
				TARGETED_DEVICE_FAMILY = "1,2";
			};
			name = Release;
		};
/* End XCBuildConfiguration section */

/* Begin XCConfigurationList section */
		649138FF2A86046C00A5FC0D /* Build configuration list for PBXProject "3-swiftConcepts-firebaseFirestore-todo" */ = {
			isa = XCConfigurationList;
			buildConfigurations = (
				649139112A86046E00A5FC0D /* Debug */,
				649139122A86046E00A5FC0D /* Release */,
			);
			defaultConfigurationIsVisible = 0;
			defaultConfigurationName = Release;
		};
		649139132A86046E00A5FC0D /* Build configuration list for PBXNativeTarget "3-swiftConcepts-firebaseFirestore-todo" */ = {
			isa = XCConfigurationList;
			buildConfigurations = (
				649139142A86046E00A5FC0D /* Debug */,
				649139152A86046E00A5FC0D /* Release */,
			);
			defaultConfigurationIsVisible = 0;
			defaultConfigurationName = Release;
		};
/* End XCConfigurationList section */

/* Begin XCRemoteSwiftPackageReference section */
		64734CC62A860BE9001F5766 /* XCRemoteSwiftPackageReference "firebase-ios-sdk" */ = {
			isa = XCRemoteSwiftPackageReference;
			repositoryURL = "https://github.com/firebase/firebase-ios-sdk";
			requirement = {
				kind = upToNextMajorVersion;
				minimumVersion = 9.0.0;
			};
		};
/* End XCRemoteSwiftPackageReference section */

/* Begin XCSwiftPackageProductDependency section */
		64734CC72A860BE9001F5766 /* FirebaseFirestore */ = {
			isa = XCSwiftPackageProductDependency;
			package = 64734CC62A860BE9001F5766 /* XCRemoteSwiftPackageReference "firebase-ios-sdk" */;
			productName = FirebaseFirestore;
		};
		64734CC92A860BE9001F5766 /* FirebaseFirestoreSwift */ = {
			isa = XCSwiftPackageProductDependency;
			package = 64734CC62A860BE9001F5766 /* XCRemoteSwiftPackageReference "firebase-ios-sdk" */;
			productName = FirebaseFirestoreSwift;
		};
/* End XCSwiftPackageProductDependency section */
	};
	rootObject = 649138FC2A86046C00A5FC0D /* Project object */;
}
